// !$*UTF8*$!
{
	archiveVersion = 1;
	classes = {
	};
	objectVersion = 55;
	objects = {

/* Begin PBXBuildFile section */
		FAEDA27727A520C000CA5F5E /* AppDelegate.swift in Sources */ = {isa = PBXBuildFile; fileRef = FAEDA27627A520C000CA5F5E /* AppDelegate.swift */; };
		FAEDA27927A520C000CA5F5E /* SceneDelegate.swift in Sources */ = {isa = PBXBuildFile; fileRef = FAEDA27827A520C000CA5F5E /* SceneDelegate.swift */; };
		FAEDA27B27A520C000CA5F5E /* ViewController.swift in Sources */ = {isa = PBXBuildFile; fileRef = FAEDA27A27A520C000CA5F5E /* ViewController.swift */; };
		FAEDA27E27A520C000CA5F5E /* Main.storyboard in Resources */ = {isa = PBXBuildFile; fileRef = FAEDA27C27A520C000CA5F5E /* Main.storyboard */; };
		FAEDA28027A520C200CA5F5E /* Assets.xcassets in Resources */ = {isa = PBXBuildFile; fileRef = FAEDA27F27A520C200CA5F5E /* Assets.xcassets */; };
		FAEDA28327A520C200CA5F5E /* LaunchScreen.storyboard in Resources */ = {isa = PBXBuildFile; fileRef = FAEDA28127A520C200CA5F5E /* LaunchScreen.storyboard */; };
		FAEDA28E27A520C300CA5F5E /* WeatherityTests.swift in Sources */ = {isa = PBXBuildFile; fileRef = FAEDA28D27A520C300CA5F5E /* WeatherityTests.swift */; };
		FAEDA29827A520C300CA5F5E /* WeatherityUITests.swift in Sources */ = {isa = PBXBuildFile; fileRef = FAEDA29727A520C300CA5F5E /* WeatherityUITests.swift */; };
		FAEDA29A27A520C300CA5F5E /* WeatherityUITestsLaunchTests.swift in Sources */ = {isa = PBXBuildFile; fileRef = FAEDA29927A520C300CA5F5E /* WeatherityUITestsLaunchTests.swift */; };
/* End PBXBuildFile section */

/* Begin PBXContainerItemProxy section */
		FAEDA28A27A520C300CA5F5E /* PBXContainerItemProxy */ = {
			isa = PBXContainerItemProxy;
			containerPortal = FAEDA26B27A520C000CA5F5E /* Project object */;
			proxyType = 1;
			remoteGlobalIDString = FAEDA27227A520C000CA5F5E;
			remoteInfo = Weatherity;
		};
		FAEDA29427A520C300CA5F5E /* PBXContainerItemProxy */ = {
			isa = PBXContainerItemProxy;
			containerPortal = FAEDA26B27A520C000CA5F5E /* Project object */;
			proxyType = 1;
			remoteGlobalIDString = FAEDA27227A520C000CA5F5E;
			remoteInfo = Weatherity;
		};
/* End PBXContainerItemProxy section */

/* Begin PBXFileReference section */
		FAEDA27327A520C000CA5F5E /* Weatherity.app */ = {isa = PBXFileReference; explicitFileType = wrapper.application; includeInIndex = 0; path = Weatherity.app; sourceTree = BUILT_PRODUCTS_DIR; };
		FAEDA27627A520C000CA5F5E /* AppDelegate.swift */ = {isa = PBXFileReference; lastKnownFileType = sourcecode.swift; path = AppDelegate.swift; sourceTree = "<group>"; };
		FAEDA27827A520C000CA5F5E /* SceneDelegate.swift */ = {isa = PBXFileReference; lastKnownFileType = sourcecode.swift; path = SceneDelegate.swift; sourceTree = "<group>"; };
		FAEDA27A27A520C000CA5F5E /* ViewController.swift */ = {isa = PBXFileReference; lastKnownFileType = sourcecode.swift; path = ViewController.swift; sourceTree = "<group>"; };
		FAEDA27D27A520C000CA5F5E /* Base */ = {isa = PBXFileReference; lastKnownFileType = file.storyboard; name = Base; path = Base.lproj/Main.storyboard; sourceTree = "<group>"; };
		FAEDA27F27A520C200CA5F5E /* Assets.xcassets */ = {isa = PBXFileReference; lastKnownFileType = folder.assetcatalog; path = Assets.xcassets; sourceTree = "<group>"; };
		FAEDA28227A520C200CA5F5E /* Base */ = {isa = PBXFileReference; lastKnownFileType = file.storyboard; name = Base; path = Base.lproj/LaunchScreen.storyboard; sourceTree = "<group>"; };
		FAEDA28427A520C200CA5F5E /* Info.plist */ = {isa = PBXFileReference; lastKnownFileType = text.plist.xml; path = Info.plist; sourceTree = "<group>"; };
		FAEDA28927A520C300CA5F5E /* WeatherityTests.xctest */ = {isa = PBXFileReference; explicitFileType = wrapper.cfbundle; includeInIndex = 0; path = WeatherityTests.xctest; sourceTree = BUILT_PRODUCTS_DIR; };
		FAEDA28D27A520C300CA5F5E /* WeatherityTests.swift */ = {isa = PBXFileReference; lastKnownFileType = sourcecode.swift; path = WeatherityTests.swift; sourceTree = "<group>"; };
		FAEDA29327A520C300CA5F5E /* WeatherityUITests.xctest */ = {isa = PBXFileReference; explicitFileType = wrapper.cfbundle; includeInIndex = 0; path = WeatherityUITests.xctest; sourceTree = BUILT_PRODUCTS_DIR; };
		FAEDA29727A520C300CA5F5E /* WeatherityUITests.swift */ = {isa = PBXFileReference; lastKnownFileType = sourcecode.swift; path = WeatherityUITests.swift; sourceTree = "<group>"; };
		FAEDA29927A520C300CA5F5E /* WeatherityUITestsLaunchTests.swift */ = {isa = PBXFileReference; lastKnownFileType = sourcecode.swift; path = WeatherityUITestsLaunchTests.swift; sourceTree = "<group>"; };
/* End PBXFileReference section */

/* Begin PBXFrameworksBuildPhase section */
		FAEDA27027A520C000CA5F5E /* Frameworks */ = {
			isa = PBXFrameworksBuildPhase;
			buildActionMask = 2147483647;
			files = (
			);
			runOnlyForDeploymentPostprocessing = 0;
		};
		FAEDA28627A520C300CA5F5E /* Frameworks */ = {
			isa = PBXFrameworksBuildPhase;
			buildActionMask = 2147483647;
			files = (
			);
			runOnlyForDeploymentPostprocessing = 0;
		};
		FAEDA29027A520C300CA5F5E /* Frameworks */ = {
			isa = PBXFrameworksBuildPhase;
			buildActionMask = 2147483647;
			files = (
			);
			runOnlyForDeploymentPostprocessing = 0;
		};
/* End PBXFrameworksBuildPhase section */

/* Begin PBXGroup section */
		FAEDA26A27A520C000CA5F5E = {
			isa = PBXGroup;
			children = (
				FAEDA27527A520C000CA5F5E /* Weatherity */,
				FAEDA28C27A520C300CA5F5E /* WeatherityTests */,
				FAEDA29627A520C300CA5F5E /* WeatherityUITests */,
				FAEDA27427A520C000CA5F5E /* Products */,
			);
			sourceTree = "<group>";
		};
		FAEDA27427A520C000CA5F5E /* Products */ = {
			isa = PBXGroup;
			children = (
				FAEDA27327A520C000CA5F5E /* Weatherity.app */,
				FAEDA28927A520C300CA5F5E /* WeatherityTests.xctest */,
				FAEDA29327A520C300CA5F5E /* WeatherityUITests.xctest */,
			);
			name = Products;
			sourceTree = "<group>";
		};
		FAEDA27527A520C000CA5F5E /* Weatherity */ = {
			isa = PBXGroup;
			children = (
				FAEDA27627A520C000CA5F5E /* AppDelegate.swift */,
				FAEDA27827A520C000CA5F5E /* SceneDelegate.swift */,
				FAEDA27A27A520C000CA5F5E /* ViewController.swift */,
				FAEDA27C27A520C000CA5F5E /* Main.storyboard */,
				FAEDA27F27A520C200CA5F5E /* Assets.xcassets */,
				FAEDA28127A520C200CA5F5E /* LaunchScreen.storyboard */,
				FAEDA28427A520C200CA5F5E /* Info.plist */,
			);
			path = Weatherity;
			sourceTree = "<group>";
		};
		FAEDA28C27A520C300CA5F5E /* WeatherityTests */ = {
			isa = PBXGroup;
			children = (
				FAEDA28D27A520C300CA5F5E /* WeatherityTests.swift */,
			);
			path = WeatherityTests;
			sourceTree = "<group>";
		};
		FAEDA29627A520C300CA5F5E /* WeatherityUITests */ = {
			isa = PBXGroup;
			children = (
				FAEDA29727A520C300CA5F5E /* WeatherityUITests.swift */,
				FAEDA29927A520C300CA5F5E /* WeatherityUITestsLaunchTests.swift */,
			);
			path = WeatherityUITests;
			sourceTree = "<group>";
		};
/* End PBXGroup section */

/* Begin PBXNativeTarget section */
		FAEDA27227A520C000CA5F5E /* Weatherity */ = {
			isa = PBXNativeTarget;
			buildConfigurationList = FAEDA29D27A520C300CA5F5E /* Build configuration list for PBXNativeTarget "Weatherity" */;
			buildPhases = (
				FAEDA26F27A520C000CA5F5E /* Sources */,
				FAEDA27027A520C000CA5F5E /* Frameworks */,
				FAEDA27127A520C000CA5F5E /* Resources */,
			);
			buildRules = (
			);
			dependencies = (
			);
			name = Weatherity;
			productName = Weatherity;
			productReference = FAEDA27327A520C000CA5F5E /* Weatherity.app */;
			productType = "com.apple.product-type.application";
		};
		FAEDA28827A520C300CA5F5E /* WeatherityTests */ = {
			isa = PBXNativeTarget;
			buildConfigurationList = FAEDA2A027A520C300CA5F5E /* Build configuration list for PBXNativeTarget "WeatherityTests" */;
			buildPhases = (
				FAEDA28527A520C300CA5F5E /* Sources */,
				FAEDA28627A520C300CA5F5E /* Frameworks */,
				FAEDA28727A520C300CA5F5E /* Resources */,
			);
			buildRules = (
			);
			dependencies = (
				FAEDA28B27A520C300CA5F5E /* PBXTargetDependency */,
			);
			name = WeatherityTests;
			productName = WeatherityTests;
			productReference = FAEDA28927A520C300CA5F5E /* WeatherityTests.xctest */;
			productType = "com.apple.product-type.bundle.unit-test";
		};
		FAEDA29227A520C300CA5F5E /* WeatherityUITests */ = {
			isa = PBXNativeTarget;
			buildConfigurationList = FAEDA2A327A520C300CA5F5E /* Build configuration list for PBXNativeTarget "WeatherityUITests" */;
			buildPhases = (
				FAEDA28F27A520C300CA5F5E /* Sources */,
				FAEDA29027A520C300CA5F5E /* Frameworks */,
				FAEDA29127A520C300CA5F5E /* Resources */,
			);
			buildRules = (
			);
			dependencies = (
				FAEDA29527A520C300CA5F5E /* PBXTargetDependency */,
			);
			name = WeatherityUITests;
			productName = WeatherityUITests;
			productReference = FAEDA29327A520C300CA5F5E /* WeatherityUITests.xctest */;
			productType = "com.apple.product-type.bundle.ui-testing";
		};
/* End PBXNativeTarget section */

/* Begin PBXProject section */
		FAEDA26B27A520C000CA5F5E /* Project object */ = {
			isa = PBXProject;
			attributes = {
				BuildIndependentTargetsInParallel = 1;
				LastSwiftUpdateCheck = 1310;
				LastUpgradeCheck = 1310;
				TargetAttributes = {
					FAEDA27227A520C000CA5F5E = {
						CreatedOnToolsVersion = 13.1;
					};
					FAEDA28827A520C300CA5F5E = {
						CreatedOnToolsVersion = 13.1;
						TestTargetID = FAEDA27227A520C000CA5F5E;
					};
					FAEDA29227A520C300CA5F5E = {
						CreatedOnToolsVersion = 13.1;
						TestTargetID = FAEDA27227A520C000CA5F5E;
					};
				};
			};
			buildConfigurationList = FAEDA26E27A520C000CA5F5E /* Build configuration list for PBXProject "Weatherity" */;
			compatibilityVersion = "Xcode 13.0";
			developmentRegion = en;
			hasScannedForEncodings = 0;
			knownRegions = (
				en,
				Base,
			);
			mainGroup = FAEDA26A27A520C000CA5F5E;
			productRefGroup = FAEDA27427A520C000CA5F5E /* Products */;
			projectDirPath = "";
			projectRoot = "";
			targets = (
				FAEDA27227A520C000CA5F5E /* Weatherity */,
				FAEDA28827A520C300CA5F5E /* WeatherityTests */,
				FAEDA29227A520C300CA5F5E /* WeatherityUITests */,
			);
		};
/* End PBXProject section */

/* Begin PBXResourcesBuildPhase section */
		FAEDA27127A520C000CA5F5E /* Resources */ = {
			isa = PBXResourcesBuildPhase;
			buildActionMask = 2147483647;
			files = (
				FAEDA28327A520C200CA5F5E /* LaunchScreen.storyboard in Resources */,
				FAEDA28027A520C200CA5F5E /* Assets.xcassets in Resources */,
				FAEDA27E27A520C000CA5F5E /* Main.storyboard in Resources */,
			);
			runOnlyForDeploymentPostprocessing = 0;
		};
		FAEDA28727A520C300CA5F5E /* Resources */ = {
			isa = PBXResourcesBuildPhase;
			buildActionMask = 2147483647;
			files = (
			);
			runOnlyForDeploymentPostprocessing = 0;
		};
		FAEDA29127A520C300CA5F5E /* Resources */ = {
			isa = PBXResourcesBuildPhase;
			buildActionMask = 2147483647;
			files = (
			);
			runOnlyForDeploymentPostprocessing = 0;
		};
/* End PBXResourcesBuildPhase section */

/* Begin PBXSourcesBuildPhase section */
		FAEDA26F27A520C000CA5F5E /* Sources */ = {
			isa = PBXSourcesBuildPhase;
			buildActionMask = 2147483647;
			files = (
				FAEDA27B27A520C000CA5F5E /* ViewController.swift in Sources */,
				FAEDA27727A520C000CA5F5E /* AppDelegate.swift in Sources */,
				FAEDA27927A520C000CA5F5E /* SceneDelegate.swift in Sources */,
			);
			runOnlyForDeploymentPostprocessing = 0;
		};
		FAEDA28527A520C300CA5F5E /* Sources */ = {
			isa = PBXSourcesBuildPhase;
			buildActionMask = 2147483647;
			files = (
				FAEDA28E27A520C300CA5F5E /* WeatherityTests.swift in Sources */,
			);
			runOnlyForDeploymentPostprocessing = 0;
		};
		FAEDA28F27A520C300CA5F5E /* Sources */ = {
			isa = PBXSourcesBuildPhase;
			buildActionMask = 2147483647;
			files = (
				FAEDA29A27A520C300CA5F5E /* WeatherityUITestsLaunchTests.swift in Sources */,
				FAEDA29827A520C300CA5F5E /* WeatherityUITests.swift in Sources */,
			);
			runOnlyForDeploymentPostprocessing = 0;
		};
/* End PBXSourcesBuildPhase section */

/* Begin PBXTargetDependency section */
		FAEDA28B27A520C300CA5F5E /* PBXTargetDependency */ = {
			isa = PBXTargetDependency;
			target = FAEDA27227A520C000CA5F5E /* Weatherity */;
			targetProxy = FAEDA28A27A520C300CA5F5E /* PBXContainerItemProxy */;
		};
		FAEDA29527A520C300CA5F5E /* PBXTargetDependency */ = {
			isa = PBXTargetDependency;
			target = FAEDA27227A520C000CA5F5E /* Weatherity */;
			targetProxy = FAEDA29427A520C300CA5F5E /* PBXContainerItemProxy */;
		};
/* End PBXTargetDependency section */

/* Begin PBXVariantGroup section */
		FAEDA27C27A520C000CA5F5E /* Main.storyboard */ = {
			isa = PBXVariantGroup;
			children = (
				FAEDA27D27A520C000CA5F5E /* Base */,
			);
			name = Main.storyboard;
			sourceTree = "<group>";
		};
		FAEDA28127A520C200CA5F5E /* LaunchScreen.storyboard */ = {
			isa = PBXVariantGroup;
			children = (
				FAEDA28227A520C200CA5F5E /* Base */,
			);
			name = LaunchScreen.storyboard;
			sourceTree = "<group>";
		};
/* End PBXVariantGroup section */

/* Begin XCBuildConfiguration section */
		FAEDA29B27A520C300CA5F5E /* Debug */ = {
			isa = XCBuildConfiguration;
			buildSettings = {
				ALWAYS_SEARCH_USER_PATHS = NO;
				CLANG_ANALYZER_NONNULL = YES;
				CLANG_ANALYZER_NUMBER_OBJECT_CONVERSION = YES_AGGRESSIVE;
				CLANG_CXX_LANGUAGE_STANDARD = "gnu++17";
				CLANG_CXX_LIBRARY = "libc++";
				CLANG_ENABLE_MODULES = YES;
				CLANG_ENABLE_OBJC_ARC = YES;
				CLANG_ENABLE_OBJC_WEAK = YES;
				CLANG_WARN_BLOCK_CAPTURE_AUTORELEASING = YES;
				CLANG_WARN_BOOL_CONVERSION = YES;
				CLANG_WARN_COMMA = YES;
				CLANG_WARN_CONSTANT_CONVERSION = YES;
				CLANG_WARN_DEPRECATED_OBJC_IMPLEMENTATIONS = YES;
				CLANG_WARN_DIRECT_OBJC_ISA_USAGE = YES_ERROR;
				CLANG_WARN_DOCUMENTATION_COMMENTS = YES;
				CLANG_WARN_EMPTY_BODY = YES;
				CLANG_WARN_ENUM_CONVERSION = YES;
				CLANG_WARN_INFINITE_RECURSION = YES;
				CLANG_WARN_INT_CONVERSION = YES;
				CLANG_WARN_NON_LITERAL_NULL_CONVERSION = YES;
				CLANG_WARN_OBJC_IMPLICIT_RETAIN_SELF = YES;
				CLANG_WARN_OBJC_LITERAL_CONVERSION = YES;
				CLANG_WARN_OBJC_ROOT_CLASS = YES_ERROR;
				CLANG_WARN_QUOTED_INCLUDE_IN_FRAMEWORK_HEADER = YES;
				CLANG_WARN_RANGE_LOOP_ANALYSIS = YES;
				CLANG_WARN_STRICT_PROTOTYPES = YES;
				CLANG_WARN_SUSPICIOUS_MOVE = YES;
				CLANG_WARN_UNGUARDED_AVAILABILITY = YES_AGGRESSIVE;
				CLANG_WARN_UNREACHABLE_CODE = YES;
				CLANG_WARN__DUPLICATE_METHOD_MATCH = YES;
				COPY_PHASE_STRIP = NO;
				DEBUG_INFORMATION_FORMAT = dwarf;
				ENABLE_STRICT_OBJC_MSGSEND = YES;
				ENABLE_TESTABILITY = YES;
				GCC_C_LANGUAGE_STANDARD = gnu11;
				GCC_DYNAMIC_NO_PIC = NO;
				GCC_NO_COMMON_BLOCKS = YES;
				GCC_OPTIMIZATION_LEVEL = 0;
				GCC_PREPROCESSOR_DEFINITIONS = (
					"DEBUG=1",
					"$(inherited)",
				);
				GCC_WARN_64_TO_32_BIT_CONVERSION = YES;
				GCC_WARN_ABOUT_RETURN_TYPE = YES_ERROR;
				GCC_WARN_UNDECLARED_SELECTOR = YES;
				GCC_WARN_UNINITIALIZED_AUTOS = YES_AGGRESSIVE;
				GCC_WARN_UNUSED_FUNCTION = YES;
				GCC_WARN_UNUSED_VARIABLE = YES;
				IPHONEOS_DEPLOYMENT_TARGET = 15.0;
				MTL_ENABLE_DEBUG_INFO = INCLUDE_SOURCE;
				MTL_FAST_MATH = YES;
				ONLY_ACTIVE_ARCH = YES;
				SDKROOT = iphoneos;
				SWIFT_ACTIVE_COMPILATION_CONDITIONS = DEBUG;
				SWIFT_OPTIMIZATION_LEVEL = "-Onone";
			};
			name = Debug;
		};
		FAEDA29C27A520C300CA5F5E /* Release */ = {
			isa = XCBuildConfiguration;
			buildSettings = {
				ALWAYS_SEARCH_USER_PATHS = NO;
				CLANG_ANALYZER_NONNULL = YES;
				CLANG_ANALYZER_NUMBER_OBJECT_CONVERSION = YES_AGGRESSIVE;
				CLANG_CXX_LANGUAGE_STANDARD = "gnu++17";
				CLANG_CXX_LIBRARY = "libc++";
				CLANG_ENABLE_MODULES = YES;
				CLANG_ENABLE_OBJC_ARC = YES;
				CLANG_ENABLE_OBJC_WEAK = YES;
				CLANG_WARN_BLOCK_CAPTURE_AUTORELEASING = YES;
				CLANG_WARN_BOOL_CONVERSION = YES;
				CLANG_WARN_COMMA = YES;
				CLANG_WARN_CONSTANT_CONVERSION = YES;
				CLANG_WARN_DEPRECATED_OBJC_IMPLEMENTATIONS = YES;
				CLANG_WARN_DIRECT_OBJC_ISA_USAGE = YES_ERROR;
				CLANG_WARN_DOCUMENTATION_COMMENTS = YES;
				CLANG_WARN_EMPTY_BODY = YES;
				CLANG_WARN_ENUM_CONVERSION = YES;
				CLANG_WARN_INFINITE_RECURSION = YES;
				CLANG_WARN_INT_CONVERSION = YES;
				CLANG_WARN_NON_LITERAL_NULL_CONVERSION = YES;
				CLANG_WARN_OBJC_IMPLICIT_RETAIN_SELF = YES;
				CLANG_WARN_OBJC_LITERAL_CONVERSION = YES;
				CLANG_WARN_OBJC_ROOT_CLASS = YES_ERROR;
				CLANG_WARN_QUOTED_INCLUDE_IN_FRAMEWORK_HEADER = YES;
				CLANG_WARN_RANGE_LOOP_ANALYSIS = YES;
				CLANG_WARN_STRICT_PROTOTYPES = YES;
				CLANG_WARN_SUSPICIOUS_MOVE = YES;
				CLANG_WARN_UNGUARDED_AVAILABILITY = YES_AGGRESSIVE;
				CLANG_WARN_UNREACHABLE_CODE = YES;
				CLANG_WARN__DUPLICATE_METHOD_MATCH = YES;
				COPY_PHASE_STRIP = NO;
				DEBUG_INFORMATION_FORMAT = "dwarf-with-dsym";
				ENABLE_NS_ASSERTIONS = NO;
				ENABLE_STRICT_OBJC_MSGSEND = YES;
				GCC_C_LANGUAGE_STANDARD = gnu11;
				GCC_NO_COMMON_BLOCKS = YES;
				GCC_WARN_64_TO_32_BIT_CONVERSION = YES;
				GCC_WARN_ABOUT_RETURN_TYPE = YES_ERROR;
				GCC_WARN_UNDECLARED_SELECTOR = YES;
				GCC_WARN_UNINITIALIZED_AUTOS = YES_AGGRESSIVE;
				GCC_WARN_UNUSED_FUNCTION = YES;
				GCC_WARN_UNUSED_VARIABLE = YES;
				IPHONEOS_DEPLOYMENT_TARGET = 15.0;
				MTL_ENABLE_DEBUG_INFO = NO;
				MTL_FAST_MATH = YES;
				SDKROOT = iphoneos;
				SWIFT_COMPILATION_MODE = wholemodule;
				SWIFT_OPTIMIZATION_LEVEL = "-O";
				VALIDATE_PRODUCT = YES;
			};
			name = Release;
		};
		FAEDA29E27A520C300CA5F5E /* Debug */ = {
			isa = XCBuildConfiguration;
			buildSettings = {
				ASSETCATALOG_COMPILER_APPICON_NAME = AppIcon;
				ASSETCATALOG_COMPILER_GLOBAL_ACCENT_COLOR_NAME = AccentColor;
				CODE_SIGN_STYLE = Automatic;
				CURRENT_PROJECT_VERSION = 1;
				DEVELOPMENT_TEAM = ZM72B534N3;
				GENERATE_INFOPLIST_FILE = YES;
				INFOPLIST_FILE = Weatherity/Info.plist;
				INFOPLIST_KEY_UIApplicationSupportsIndirectInputEvents = YES;
				INFOPLIST_KEY_UILaunchStoryboardName = LaunchScreen;
				INFOPLIST_KEY_UIMainStoryboardFile = Main;
				INFOPLIST_KEY_UISupportedInterfaceOrientations = "UIInterfaceOrientationPortrait UIInterfaceOrientationLandscapeLeft UIInterfaceOrientationLandscapeRight";
				INFOPLIST_KEY_UISupportedInterfaceOrientations_iPad = "UIInterfaceOrientationPortrait UIInterfaceOrientationPortraitUpsideDown UIInterfaceOrientationLandscapeLeft UIInterfaceOrientationLandscapeRight";
				INFOPLIST_KEY_UISupportedInterfaceOrientations_iPhone = "UIInterfaceOrientationPortrait UIInterfaceOrientationLandscapeLeft UIInterfaceOrientationLandscapeRight";
				IPHONEOS_DEPLOYMENT_TARGET = 14.0;
				LD_RUNPATH_SEARCH_PATHS = (
					"$(inherited)",
					"@executable_path/Frameworks",
				);
				MARKETING_VERSION = 1.0;
				PRODUCT_BUNDLE_IDENTIFIER = com.ahoycodetest.Weatherity;
				PRODUCT_NAME = "$(TARGET_NAME)";
				SWIFT_EMIT_LOC_STRINGS = YES;
				SWIFT_VERSION = 5.0;
				TARGETED_DEVICE_FAMILY = 1;
			};
			name = Debug;
		};
		FAEDA29F27A520C300CA5F5E /* Release */ = {
			isa = XCBuildConfiguration;
			buildSettings = {
				ASSETCATALOG_COMPILER_APPICON_NAME = AppIcon;
				ASSETCATALOG_COMPILER_GLOBAL_ACCENT_COLOR_NAME = AccentColor;
				CODE_SIGN_STYLE = Automatic;
				CURRENT_PROJECT_VERSION = 1;
				DEVELOPMENT_TEAM = ZM72B534N3;
				GENERATE_INFOPLIST_FILE = YES;
				INFOPLIST_FILE = Weatherity/Info.plist;
				INFOPLIST_KEY_UIApplicationSupportsIndirectInputEvents = YES;
				INFOPLIST_KEY_UILaunchStoryboardName = LaunchScreen;
				INFOPLIST_KEY_UIMainStoryboardFile = Main;
				INFOPLIST_KEY_UISupportedInterfaceOrientations = "UIInterfaceOrientationPortrait UIInterfaceOrientationLandscapeLeft UIInterfaceOrientationLandscapeRight";
				INFOPLIST_KEY_UISupportedInterfaceOrientations_iPad = "UIInterfaceOrientationPortrait UIInterfaceOrientationPortraitUpsideDown UIInterfaceOrientationLandscapeLeft UIInterfaceOrientationLandscapeRight";
				INFOPLIST_KEY_UISupportedInterfaceOrientations_iPhone = "UIInterfaceOrientationPortrait UIInterfaceOrientationLandscapeLeft UIInterfaceOrientationLandscapeRight";
				IPHONEOS_DEPLOYMENT_TARGET = 14.0;
				LD_RUNPATH_SEARCH_PATHS = (
					"$(inherited)",
					"@executable_path/Frameworks",
				);
				MARKETING_VERSION = 1.0;
				PRODUCT_BUNDLE_IDENTIFIER = com.ahoycodetest.Weatherity;
				PRODUCT_NAME = "$(TARGET_NAME)";
				SWIFT_EMIT_LOC_STRINGS = YES;
				SWIFT_VERSION = 5.0;
				TARGETED_DEVICE_FAMILY = 1;
			};
			name = Release;
		};
		FAEDA2A127A520C300CA5F5E /* Debug */ = {
			isa = XCBuildConfiguration;
			buildSettings = {
				ALWAYS_EMBED_SWIFT_STANDARD_LIBRARIES = YES;
				BUNDLE_LOADER = "$(TEST_HOST)";
				CODE_SIGN_STYLE = Automatic;
				CURRENT_PROJECT_VERSION = 1;
				DEVELOPMENT_TEAM = ZM72B534N3;
				GENERATE_INFOPLIST_FILE = YES;
				IPHONEOS_DEPLOYMENT_TARGET = 15.0;
				LD_RUNPATH_SEARCH_PATHS = (
					"$(inherited)",
					"@executable_path/Frameworks",
					"@loader_path/Frameworks",
				);
				MARKETING_VERSION = 1.0;
				PRODUCT_BUNDLE_IDENTIFIER = com.ahoycodetest.WeatherityTests;
				PRODUCT_NAME = "$(TARGET_NAME)";
				SWIFT_EMIT_LOC_STRINGS = NO;
				SWIFT_VERSION = 5.0;
				TARGETED_DEVICE_FAMILY = "1,2";
				TEST_HOST = "$(BUILT_PRODUCTS_DIR)/Weatherity.app/Weatherity";
			};
			name = Debug;
		};
		FAEDA2A227A520C300CA5F5E /* Release */ = {
			isa = XCBuildConfiguration;
			buildSettings = {
				ALWAYS_EMBED_SWIFT_STANDARD_LIBRARIES = YES;
				BUNDLE_LOADER = "$(TEST_HOST)";
				CODE_SIGN_STYLE = Automatic;
				CURRENT_PROJECT_VERSION = 1;
				DEVELOPMENT_TEAM = ZM72B534N3;
				GENERATE_INFOPLIST_FILE = YES;
				IPHONEOS_DEPLOYMENT_TARGET = 15.0;
				LD_RUNPATH_SEARCH_PATHS = (
					"$(inherited)",
					"@executable_path/Frameworks",
					"@loader_path/Frameworks",
				);
				MARKETING_VERSION = 1.0;
				PRODUCT_BUNDLE_IDENTIFIER = com.ahoycodetest.WeatherityTests;
				PRODUCT_NAME = "$(TARGET_NAME)";
				SWIFT_EMIT_LOC_STRINGS = NO;
				SWIFT_VERSION = 5.0;
				TARGETED_DEVICE_FAMILY = "1,2";
				TEST_HOST = "$(BUILT_PRODUCTS_DIR)/Weatherity.app/Weatherity";
			};
			name = Release;
		};
		FAEDA2A427A520C300CA5F5E /* Debug */ = {
			isa = XCBuildConfiguration;
			buildSettings = {
				ALWAYS_EMBED_SWIFT_STANDARD_LIBRARIES = YES;
				CODE_SIGN_STYLE = Automatic;
				CURRENT_PROJECT_VERSION = 1;
				DEVELOPMENT_TEAM = ZM72B534N3;
				GENERATE_INFOPLIST_FILE = YES;
				LD_RUNPATH_SEARCH_PATHS = (
					"$(inherited)",
					"@executable_path/Frameworks",
					"@loader_path/Frameworks",
				);
				MARKETING_VERSION = 1.0;
				PRODUCT_BUNDLE_IDENTIFIER = com.ahoycodetest.WeatherityUITests;
				PRODUCT_NAME = "$(TARGET_NAME)";
				SWIFT_EMIT_LOC_STRINGS = NO;
				SWIFT_VERSION = 5.0;
				TARGETED_DEVICE_FAMILY = "1,2";
				TEST_TARGET_NAME = Weatherity;
			};
			name = Debug;
		};
		FAEDA2A527A520C300CA5F5E /* Release */ = {
			isa = XCBuildConfiguration;
			buildSettings = {
				ALWAYS_EMBED_SWIFT_STANDARD_LIBRARIES = YES;
				CODE_SIGN_STYLE = Automatic;
				CURRENT_PROJECT_VERSION = 1;
				DEVELOPMENT_TEAM = ZM72B534N3;
				GENERATE_INFOPLIST_FILE = YES;
				LD_RUNPATH_SEARCH_PATHS = (
					"$(inherited)",
					"@executable_path/Frameworks",
					"@loader_path/Frameworks",
				);
				MARKETING_VERSION = 1.0;
				PRODUCT_BUNDLE_IDENTIFIER = com.ahoycodetest.WeatherityUITests;
				PRODUCT_NAME = "$(TARGET_NAME)";
				SWIFT_EMIT_LOC_STRINGS = NO;
				SWIFT_VERSION = 5.0;
				TARGETED_DEVICE_FAMILY = "1,2";
				TEST_TARGET_NAME = Weatherity;
			};
			name = Release;
		};
/* End XCBuildConfiguration section */

/* Begin XCConfigurationList section */
		FAEDA26E27A520C000CA5F5E /* Build configuration list for PBXProject "Weatherity" */ = {
			isa = XCConfigurationList;
			buildConfigurations = (
				FAEDA29B27A520C300CA5F5E /* Debug */,
				FAEDA29C27A520C300CA5F5E /* Release */,
			);
			defaultConfigurationIsVisible = 0;
			defaultConfigurationName = Release;
		};
		FAEDA29D27A520C300CA5F5E /* Build configuration list for PBXNativeTarget "Weatherity" */ = {
			isa = XCConfigurationList;
			buildConfigurations = (
				FAEDA29E27A520C300CA5F5E /* Debug */,
				FAEDA29F27A520C300CA5F5E /* Release */,
			);
			defaultConfigurationIsVisible = 0;
			defaultConfigurationName = Release;
		};
		FAEDA2A027A520C300CA5F5E /* Build configuration list for PBXNativeTarget "WeatherityTests" */ = {
			isa = XCConfigurationList;
			buildConfigurations = (
				FAEDA2A127A520C300CA5F5E /* Debug */,
				FAEDA2A227A520C300CA5F5E /* Release */,
			);
			defaultConfigurationIsVisible = 0;
			defaultConfigurationName = Release;
		};
		FAEDA2A327A520C300CA5F5E /* Build configuration list for PBXNativeTarget "WeatherityUITests" */ = {
			isa = XCConfigurationList;
			buildConfigurations = (
				FAEDA2A427A520C300CA5F5E /* Debug */,
				FAEDA2A527A520C300CA5F5E /* Release */,
			);
			defaultConfigurationIsVisible = 0;
			defaultConfigurationName = Release;
		};
/* End XCConfigurationList section */
	};
	rootObject = FAEDA26B27A520C000CA5F5E /* Project object */;
}
